{
  "nodes": {
    "flake-compat": {
      "flake": false,
      "locked": {
        "lastModified": 1673956053,
        "narHash": "sha256-4gtG9iQuiKITOjNQQeQIpoIB6b16fm+504Ch3sNKLd8=",
        "owner": "edolstra",
        "repo": "flake-compat",
        "rev": "35bb57c0c8d8b62bbfd284272c928ceb64ddbde9",
        "type": "github"
      },
      "original": {
        "owner": "edolstra",
        "repo": "flake-compat",
        "type": "github"
      }
    },
    "flake-utils": {
      "locked": {
        "lastModified": 1678901627,
        "narHash": "sha256-U02riOqrKKzwjsxc/400XnElV+UtPUQWpANPlyazjH0=",
        "owner": "numtide",
        "repo": "flake-utils",
        "rev": "93a2b84fc4b70d9e089d029deacc3583435c2ed6",
        "type": "github"
      },
      "original": {
        "owner": "numtide",
        "repo": "flake-utils",
        "type": "github"
      }
    },
    "home-manager": {
      "inputs": {
        "nixpkgs": [
          "nixpkgs"
        ]
      },
      "locked": {
        "lastModified": 1681468923,
        "narHash": "sha256-+X2oO4juRVhQRs002mn8km6PODccIRiz09c2K1xtSpY=",
        "owner": "nix-community",
        "repo": "home-manager",
        "rev": "17198cf5ae27af5b647c7dac58d935a7d0dbd189",
        "type": "github"
      },
      "original": {
        "owner": "nix-community",
        "repo": "home-manager",
        "type": "github"
      }
    },
    "nixos-vscode-server": {
      "inputs": {
        "nixpkgs": [
          "nixpkgs"
        ]
      },
      "locked": {
        "lastModified": 1676501444,
        "narHash": "sha256-H+uQetkzd5GIga56HmCDwl5eihdQgeN2jVdNrkXzDyo=",
        "owner": "msteen",
        "repo": "nixos-vscode-server",
        "rev": "57f1716bc625d2892579294cc207956679e3d94c",
        "type": "github"
      },
      "original": {
        "owner": "msteen",
        "repo": "nixos-vscode-server",
        "type": "github"
      }
    },
    "nixos-wsl": {
      "inputs": {
        "flake-compat": "flake-compat",
        "flake-utils": "flake-utils",
        "nixpkgs": [
          "nixpkgs"
        ]
      },
      "locked": {
        "lastModified": 1681383495,
        "narHash": "sha256-O/gfcOZWWFpWay3qRYnacz+1r7OoIh1hToXeiJ5ByDE=",
        "owner": "nix-community",
        "repo": "nixos-wsl",
        "rev": "f097aa2d9ad136cb796b571366517f70707bdebb",
        "type": "github"
      },
      "original": {
        "owner": "nix-community",
        "repo": "nixos-wsl",
        "type": "github"
      }
    },
    "nixpkgs": {
      "locked": {
        "lastModified": 1681510139,
        "narHash": "sha256-pmZoMRkTxEp/EIqUPScTUOOhpPOSLJSL4eahsiP2mxI=",
        "owner": "nixos",
        "repo": "nixpkgs",
        "rev": "639d4f17218568afd6494dbd807bebb2beb9d6b3",
        "type": "github"
      },
      "original": {
        "owner": "nixos",
        "ref": "nixpkgs-unstable",
        "repo": "nixpkgs",
        "type": "github"
      }
    },
    "root": {
      "inputs": {
        "home-manager": "home-manager",
        "nixos-vscode-server": "nixos-vscode-server",
        "nixos-wsl": "nixos-wsl",
        "nixpkgs": "nixpkgs"
      }
    }
  },
  "root": "root",
  "version": 7
}
